Microsoft Visual Studio Solution File, Format Version 12.00
# Visual Studio 15
VisualStudioVersion = 15.0.26730.12
MinimumVisualStudioVersion = 10.0.40219.1
Project("{9A19103F-16F7-4668-BE54-9A1E7A4F7556}") = "Schedule.Web", "Schedule.Web\Schedule.Web.csproj", "{382B93A1-FBE8-4C60-ACF9-07B6862F02DD}"
EndProject
Project("{9A19103F-16F7-4668-BE54-9A1E7A4F7556}") = "Schedule.Entities", "Schedule.Entities\Schedule.Entities.csproj", "{44631AE0-262C-4A1F-B2EB-CA2BD3F3CA5C}"
EndProject
Project("{9A19103F-16F7-4668-BE54-9A1E7A4F7556}") = "Schedule.API", "Schedule.API\Schedule.API.csproj", "{8C61C667-B851-4027-A2B0-8AEE451A8FB7}"
EndProject
Project("{9A19103F-16F7-4668-BE54-9A1E7A4F7556}") = "Schedule.Tests", "Schedule.Tests\Schedule.Tests.csproj", "{64A42C44-9144-4938-9572-4272377394EF}"
EndProject
Global
	GlobalSection(SolutionConfigurationPlatforms) = preSolution
		Debug|Any CPU = Debug|Any CPU
		Debug|x64 = Debug|x64
		Debug|x86 = Debug|x86
		Release|Any CPU = Release|Any CPU
		Release|x64 = Release|x64
		Release|x86 = Release|x86
	EndGlobalSection
	GlobalSection(ProjectConfigurationPlatforms) = postSolution
		{382B93A1-FBE8-4C60-ACF9-07B6862F02DD}.Debug|Any CPU.ActiveCfg = Debug|Any CPU
		{382B93A1-FBE8-4C60-ACF9-07B6862F02DD}.Debug|Any CPU.Build.0 = Debug|Any CPU
		{382B93A1-FBE8-4C60-ACF9-07B6862F02DD}.Debug|x64.ActiveCfg = Debug|Any CPU
		{382B93A1-FBE8-4C60-ACF9-07B6862F02DD}.Debug|x64.Build.0 = Debug|Any CPU
		{382B93A1-FBE8-4C60-ACF9-07B6862F02DD}.Debug|x86.ActiveCfg = Debug|Any CPU
		{382B93A1-FBE8-4C60-ACF9-07B6862F02DD}.Debug|x86.Build.0 = Debug|Any CPU
		{382B93A1-FBE8-4C60-ACF9-07B6862F02DD}.Release|Any CPU.ActiveCfg = Release|Any CPU
		{382B93A1-FBE8-4C60-ACF9-07B6862F02DD}.Release|Any CPU.Build.0 = Release|Any CPU
		{382B93A1-FBE8-4C60-ACF9-07B6862F02DD}.Release|x64.ActiveCfg = Release|Any CPU
		{382B93A1-FBE8-4C60-ACF9-07B6862F02DD}.Release|x64.Build.0 = Release|Any CPU
		{382B93A1-FBE8-4C60-ACF9-07B6862F02DD}.Release|x86.ActiveCfg = Release|Any CPU
		{382B93A1-FBE8-4C60-ACF9-07B6862F02DD}.Release|x86.Build.0 = Release|Any CPU
		{44631AE0-262C-4A1F-B2EB-CA2BD3F3CA5C}.Debug|Any CPU.ActiveCfg = Debug|Any CPU
		{44631AE0-262C-4A1F-B2EB-CA2BD3F3CA5C}.Debug|Any CPU.Build.0 = Debug|Any CPU
		{44631AE0-262C-4A1F-B2EB-CA2BD3F3CA5C}.Debug|x64.ActiveCfg = Debug|Any CPU
		{44631AE0-262C-4A1F-B2EB-CA2BD3F3CA5C}.Debug|x64.Build.0 = Debug|Any CPU
		{44631AE0-262C-4A1F-B2EB-CA2BD3F3CA5C}.Debug|x86.ActiveCfg = Debug|Any CPU
		{44631AE0-262C-4A1F-B2EB-CA2BD3F3CA5C}.Debug|x86.Build.0 = Debug|Any CPU
		{44631AE0-262C-4A1F-B2EB-CA2BD3F3CA5C}.Release|Any CPU.ActiveCfg = Release|Any CPU
		{44631AE0-262C-4A1F-B2EB-CA2BD3F3CA5C}.Release|Any CPU.Build.0 = Release|Any CPU
		{44631AE0-262C-4A1F-B2EB-CA2BD3F3CA5C}.Release|x64.ActiveCfg = Release|Any CPU
		{44631AE0-262C-4A1F-B2EB-CA2BD3F3CA5C}.Release|x64.Build.0 = Release|Any CPU
		{44631AE0-262C-4A1F-B2EB-CA2BD3F3CA5C}.Release|x86.ActiveCfg = Release|Any CPU
		{44631AE0-262C-4A1F-B2EB-CA2BD3F3CA5C}.Release|x86.Build.0 = Release|Any CPU
		{8C61C667-B851-4027-A2B0-8AEE451A8FB7}.Debug|Any CPU.ActiveCfg = Debug|Any CPU
		{8C61C667-B851-4027-A2B0-8AEE451A8FB7}.Debug|Any CPU.Build.0 = Debug|Any CPU
		{8C61C667-B851-4027-A2B0-8AEE451A8FB7}.Debug|x64.ActiveCfg = Debug|Any CPU
		{8C61C667-B851-4027-A2B0-8AEE451A8FB7}.Debug|x64.Build.0 = Debug|Any CPU
		{8C61C667-B851-4027-A2B0-8AEE451A8FB7}.Debug|x86.ActiveCfg = Debug|Any CPU
		{8C61C667-B851-4027-A2B0-8AEE451A8FB7}.Debug|x86.Build.0 = Debug|Any CPU
		{8C61C667-B851-4027-A2B0-8AEE451A8FB7}.Release|Any CPU.ActiveCfg = Release|Any CPU
		{8C61C667-B851-4027-A2B0-8AEE451A8FB7}.Release|Any CPU.Build.0 = Release|Any CPU
		{8C61C667-B851-4027-A2B0-8AEE451A8FB7}.Release|x64.ActiveCfg = Release|Any CPU
		{8C61C667-B851-4027-A2B0-8AEE451A8FB7}.Release|x64.Build.0 = Release|Any CPU
		{8C61C667-B851-4027-A2B0-8AEE451A8FB7}.Release|x86.ActiveCfg = Release|Any CPU
		{8C61C667-B851-4027-A2B0-8AEE451A8FB7}.Release|x86.Build.0 = Release|Any CPU
		{64A42C44-9144-4938-9572-4272377394EF}.Debug|Any CPU.ActiveCfg = Debug|Any CPU
		{64A42C44-9144-4938-9572-4272377394EF}.Debug|Any CPU.Build.0 = Debug|Any CPU
		{64A42C44-9144-4938-9572-4272377394EF}.Debug|x64.ActiveCfg = Debug|Any CPU
		{64A42C44-9144-4938-9572-4272377394EF}.Debug|x64.Build.0 = Debug|Any CPU
		{64A42C44-9144-4938-9572-4272377394EF}.Debug|x86.ActiveCfg = Debug|Any CPU
		{64A42C44-9144-4938-9572-4272377394EF}.Debug|x86.Build.0 = Debug|Any CPU
		{64A42C44-9144-4938-9572-4272377394EF}.Release|Any CPU.ActiveCfg = Release|Any CPU
		{64A42C44-9144-4938-9572-4272377394EF}.Release|Any CPU.Build.0 = Release|Any CPU
		{64A42C44-9144-4938-9572-4272377394EF}.Release|x64.ActiveCfg = Release|Any CPU
		{64A42C44-9144-4938-9572-4272377394EF}.Release|x64.Build.0 = Release|Any CPU
		{64A42C44-9144-4938-9572-4272377394EF}.Release|x86.ActiveCfg = Release|Any CPU
		{64A42C44-9144-4938-9572-4272377394EF}.Release|x86.Build.0 = Release|Any CPU
	EndGlobalSection
	GlobalSection(SolutionProperties) = preSolution
		HideSolutionNode = FALSE
	EndGlobalSection
	GlobalSection(ExtensibilityGlobals) = postSolution
		SolutionGuid = {BF5328C8-3C84-4C4E-BF90-FB2F5E9D9193}
	EndGlobalSection
EndGlobal
